# This file was autogenerated by Stack.
# You should not edit this file by hand.
# For more information, please see the documentation at:
#   https://docs.haskellstack.org/en/stable/lock_files

packages:
- completed:
    hackage: waargonaut-0.8.0.1@sha256:9bdd5ffea19952d12890b9b9c4366fdd5cab7fad088531cf6be70b0e7e1b1a60,11560
    pantry-tree:
      size: 5706
      sha256: ad223ea55961bb4fad50a12a7d9bc250dccad7c827e44f649ef8db0d3951798c
  original:
    hackage: waargonaut-0.8.0.1
- completed:
    hackage: digit-0.8@sha256:55f600a13c13bfca24820b7556a404fef64ec043f9a4cf5f4586f17365d21c5e,3808
    pantry-tree:
      size: 1943
      sha256: 3f56252a083b14303ebb118082b589fac471fa9721ab82bf1e5126636af00839
  original:
    hackage: digit-0.8
- completed:
    hackage: hoist-error-0.2.1.0@sha256:f238a27a593ec0c9b4f5263adf917b7c3b76daffed2398d7520e43e6515169f2,1221
    pantry-tree:
      size: 281
      sha256: a8fd6aafc02e04b20e9697c27a62472815e3658237cc490deb71b32373305327
  original:
    hackage: hoist-error-0.2.1.0
- completed:
    hackage: hspec-core-2.5.9@sha256:ade976f690d4183782c0f19336c35eb8df4c5efc239c8aba96dde1a57414016d,4583
    pantry-tree:
      size: 3600
      sha256: 4afcb5f27c4366bac3270d188341a3a468823938194473539841184df0232600
  original:
    hackage: hspec-core-2.5.9
- completed:
    hackage: hspec-discover-2.5.9@sha256:28cba4a3252a8f289f62365e5110059320f90eb2aae7c010e84f5edaf63be61e,2243
    pantry-tree:
      size: 1080
      sha256: 9fc3667b1343225841b44adedb6fd577f9ffd4773b0b4955c199141f2c9a927a
  original:
    hackage: hspec-discover-2.5.9
- completed:
    hackage: hspec-2.5.9@sha256:96d9e45f57cad2d61d0e6ed08a0d4fef5fa3504634d9309cac80b101009874b7,1791
    pantry-tree:
      size: 594
      sha256: c48f1c8c834e32023a8cca702fbab95e34ae4a0384b43e5fc9bcc6b6a364e371
  original:
    hackage: hspec-2.5.9
- completed:
    hackage: hw-balancedparens-0.3.0.4@sha256:ae6f715763ff154c76160458fbc75885508364885b6a9b5d6b360a064ce5eb8d,6673
    pantry-tree:
      size: 2854
      sha256: e324b7ab712f1b09c8b44deb4eb116f2896979e899891bf9b8750636a935e922
  original:
    hackage: hw-balancedparens-0.3.0.4
- completed:
    hackage: hw-json-standard-cursor-0.2.1.2@sha256:f252f871029d5810e4632d37f447089c41b3666bb9df9353ee78cff36d8d7a77,8259
    pantry-tree:
      size: 3477
      sha256: b38fb1a020a72e6ce3f878bfbba410c6a7feb512cc0ab6f5ab1f644e20091bce
  original:
    hackage: hw-json-standard-cursor-0.2.1.2
- completed:
    hackage: natural-0.3.0.4@sha256:569e38fae5f57aa4f09ab7b3e29982988efe1585af58736688bc4d9bab2dc1ca,2116
    pantry-tree:
      size: 311
      sha256: d9f59b81a01f5107b4291db86ca8a91318b24f124c80f50c78edccc444a5b47f
  original:
    hackage: natural-0.3.0.4
- completed:
    hackage: witherable-0.3.5@sha256:6590a15735b50ac14dcc138d4265ff1585d5f3e9d3047d5ebc5abf4cd5f50084,1476
    pantry-tree:
      size: 271
      sha256: b99f21dbac28da031eb7c787fbffbe5e77e0aee42b64b5dda082470e907d5ab5
  original:
    hackage: witherable-0.3.5
- completed:
    hackage: witherable-class-0@sha256:91f05518f9f4af5b02424f13ee7dcdab5d6618e01346aa2f388a72ff93e2e501,775
    pantry-tree:
      size: 277
      sha256: e99696bf95da593a3892c7b9a28db09ffd139b4b1b313f32cec9d26979aa7ce2
  original:
    hackage: witherable-class-0
- completed:
    hackage: QuickCheck-2.12.6.1@sha256:ce974f511174fbc3102bccb13d6d45781d327194f0311790b9f8db6a7cb1bab3,6336
    pantry-tree:
      size: 2046
      sha256: 1b9bf780a91762f07a63698d656234de0b68f5c8de760cc90153c01888730eb5
  original:
    hackage: QuickCheck-2.12.6.1
- completed:
    hackage: hw-rankselect-0.13.3.2@sha256:669cd3f09278da2439b98fa21998b5e9dbcdda7bd2d83df04b79c7ae0de5e8c5,9038
    pantry-tree:
      size: 3465
      sha256: 022b6881742fddc2a883473f8636dd9f5b3a3a2ff49a88f17d02526a41410ef6
  original:
    hackage: hw-rankselect-0.13.3.2
- completed:
    hackage: generic-lens-1.2.0.1@sha256:faecffd513340cd570866aa8f3e0e139d3f9240ecd3eb766357cdf47f550004c,6550
    pantry-tree:
      size: 4315
      sha256: ea2099153bc65265915f206f08d25eed0d21270412505ea6470665df74b7f5ec
  original:
    hackage: generic-lens-1.2.0.1
- completed:
    hackage: tasty-wai-0.1.1.0@sha256:ab1f3aa2d28821fe991fe3ae0757d3f07a707987a5a7af3d0d74dc599a6a8eff,1920
    pantry-tree:
      size: 369
      sha256: 85c734bc2a263f13408d3c33c7754b0092663096eeb9bbfd7be300aacafb3b8c
  original:
    hackage: tasty-wai-0.1.1.0
snapshots:
- completed:
    size: 524164
    url: https://raw.githubusercontent.com/commercialhaskell/stackage-snapshots/master/lts/14/22.yaml
    sha256: 7ad8f33179b32d204165a3a662c6269464a47a7e65a30abc38d01b5a38ec42c0
  original: lts-14.22
